// !$*UTF8*$!
{
	archiveVersion = 1;
	classes = {
	};
	objectVersion = 46;
	objects = {

/* Begin PBXBuildFile section */
		4EFFA76A1C9A18BC00313164 /* AppDelegate.swift in Sources */ = {isa = PBXBuildFile; fileRef = 4EFFA7691C9A18BC00313164 /* AppDelegate.swift */; };
		4EFFA76C1C9A18BC00313164 /* ViewController.swift in Sources */ = {isa = PBXBuildFile; fileRef = 4EFFA76B1C9A18BC00313164 /* ViewController.swift */; };
		4EFFA76F1C9A18BC00313164 /* Main.storyboard in Resources */ = {isa = PBXBuildFile; fileRef = 4EFFA76D1C9A18BC00313164 /* Main.storyboard */; };
		4EFFA7711C9A18BC00313164 /* Assets.xcassets in Resources */ = {isa = PBXBuildFile; fileRef = 4EFFA7701C9A18BC00313164 /* Assets.xcassets */; };
		4EFFA7741C9A18BC00313164 /* LaunchScreen.storyboard in Resources */ = {isa = PBXBuildFile; fileRef = 4EFFA7721C9A18BC00313164 /* LaunchScreen.storyboard */; };
		4EFFA77F1C9A19B400313164 /* Person.swift in Sources */ = {isa = PBXBuildFile; fileRef = 4EFFA77E1C9A19B400313164 /* Person.swift */; };
		4EFFA7811C9A1C9900313164 /* RoundedImageView.swift in Sources */ = {isa = PBXBuildFile; fileRef = 4EFFA7801C9A1C9900313164 /* RoundedImageView.swift */; };
/* End PBXBuildFile section */

/* Begin PBXFileReference section */
		4EFFA7661C9A18BC00313164 /* mvc-test.app */ = {isa = PBXFileReference; explicitFileType = wrapper.application; includeInIndex = 0; path = "mvc-test.app"; sourceTree = BUILT_PRODUCTS_DIR; };
		4EFFA7691C9A18BC00313164 /* AppDelegate.swift */ = {isa = PBXFileReference; lastKnownFileType = sourcecode.swift; path = AppDelegate.swift; sourceTree = "<group>"; };
		4EFFA76B1C9A18BC00313164 /* ViewController.swift */ = {isa = PBXFileReference; lastKnownFileType = sourcecode.swift; path = ViewController.swift; sourceTree = "<group>"; };
		4EFFA76E1C9A18BC00313164 /* Base */ = {isa = PBXFileReference; lastKnownFileType = file.storyboard; name = Base; path = Base.lproj/Main.storyboard; sourceTree = "<group>"; };
		4EFFA7701C9A18BC00313164 /* Assets.xcassets */ = {isa = PBXFileReference; lastKnownFileType = folder.assetcatalog; path = Assets.xcassets; sourceTree = "<group>"; };
		4EFFA7731C9A18BC00313164 /* Base */ = {isa = PBXFileReference; lastKnownFileType = file.storyboard; name = Base; path = Base.lproj/LaunchScreen.storyboard; sourceTree = "<group>"; };
		4EFFA7751C9A18BC00313164 /* Info.plist */ = {isa = PBXFileReference; lastKnownFileType = text.plist.xml; path = Info.plist; sourceTree = "<group>"; };
		4EFFA77E1C9A19B400313164 /* Person.swift */ = {isa = PBXFileReference; fileEncoding = 4; lastKnownFileType = sourcecode.swift; path = Person.swift; sourceTree = "<group>"; };
		4EFFA7801C9A1C9900313164 /* RoundedImageView.swift */ = {isa = PBXFileReference; fileEncoding = 4; lastKnownFileType = sourcecode.swift; path = RoundedImageView.swift; sourceTree = "<group>"; };
/* End PBXFileReference section */

/* Begin PBXFrameworksBuildPhase section */
		4EFFA7631C9A18BC00313164 /* Frameworks */ = {
			isa = PBXFrameworksBuildPhase;
			buildActionMask = 2147483647;
			files = (
			);
			runOnlyForDeploymentPostprocessing = 0;
		};
/* End PBXFrameworksBuildPhase section */

/* Begin PBXGroup section */
		4EFFA75D1C9A18BC00313164 = {
			isa = PBXGroup;
			children = (
				4EFFA7681C9A18BC00313164 /* mvc-test */,
				4EFFA7671C9A18BC00313164 /* Products */,
			);
			sourceTree = "<group>";
		};
		4EFFA7671C9A18BC00313164 /* Products */ = {
			isa = PBXGroup;
			children = (
				4EFFA7661C9A18BC00313164 /* mvc-test.app */,
			);
			name = Products;
			sourceTree = "<group>";
		};
		4EFFA7681C9A18BC00313164 /* mvc-test */ = {
			isa = PBXGroup;
			children = (
				4EFFA77B1C9A196D00313164 /* Model */,
				4EFFA77C1C9A197B00313164 /* View */,
				4EFFA77D1C9A198200313164 /* Controller */,
				4EFFA7691C9A18BC00313164 /* AppDelegate.swift */,
				4EFFA76D1C9A18BC00313164 /* Main.storyboard */,
				4EFFA7701C9A18BC00313164 /* Assets.xcassets */,
				4EFFA7721C9A18BC00313164 /* LaunchScreen.storyboard */,
				4EFFA7751C9A18BC00313164 /* Info.plist */,
			);
			path = "mvc-test";
			sourceTree = "<group>";
		};
		4EFFA77B1C9A196D00313164 /* Model */ = {
			isa = PBXGroup;
			children = (
				4EFFA77E1C9A19B400313164 /* Person.swift */,
			);
			name = Model;
			sourceTree = "<group>";
		};
		4EFFA77C1C9A197B00313164 /* View */ = {
			isa = PBXGroup;
			children = (
				4EFFA7801C9A1C9900313164 /* RoundedImageView.swift */,
			);
			name = View;
			sourceTree = "<group>";
		};
		4EFFA77D1C9A198200313164 /* Controller */ = {
			isa = PBXGroup;
			children = (
				4EFFA76B1C9A18BC00313164 /* ViewController.swift */,
			);
			name = Controller;
			sourceTree = "<group>";
		};
/* End PBXGroup section */

/* Begin PBXNativeTarget section */
		4EFFA7651C9A18BC00313164 /* mvc-test */ = {
			isa = PBXNativeTarget;
			buildConfigurationList = 4EFFA7781C9A18BC00313164 /* Build configuration list for PBXNativeTarget "mvc-test" */;
			buildPhases = (
				4EFFA7621C9A18BC00313164 /* Sources */,
				4EFFA7631C9A18BC00313164 /* Frameworks */,
				4EFFA7641C9A18BC00313164 /* Resources */,
			);
			buildRules = (
			);
			dependencies = (
			);
			name = "mvc-test";
			productName = "mvc-test";
			productReference = 4EFFA7661C9A18BC00313164 /* mvc-test.app */;
			productType = "com.apple.product-type.application";
		};
/* End PBXNativeTarget section */

/* Begin PBXProject section */
		4EFFA75E1C9A18BC00313164 /* Project object */ = {
			isa = PBXProject;
			attributes = {
				LastSwiftUpdateCheck = 0720;
				LastUpgradeCheck = 0720;
				ORGANIZATIONNAME = "Daniel J Janiak";
				TargetAttributes = {
					4EFFA7651C9A18BC00313164 = {
						CreatedOnToolsVersion = 7.2.1;
						DevelopmentTeam = C66PLD3WQ6;
					};
				};
			};
			buildConfigurationList = 4EFFA7611C9A18BC00313164 /* Build configuration list for PBXProject "mvc-test" */;
			compatibilityVersion = "Xcode 3.2";
			developmentRegion = English;
			hasScannedForEncodings = 0;
			knownRegions = (
				en,
				Base,
			);
			mainGroup = 4EFFA75D1C9A18BC00313164;
			productRefGroup = 4EFFA7671C9A18BC00313164 /* Products */;
			projectDirPath = "";
			projectRoot = "";
			targets = (
				4EFFA7651C9A18BC00313164 /* mvc-test */,
			);
		};
/* End PBXProject section */

/* Begin PBXResourcesBuildPhase section */
		4EFFA7641C9A18BC00313164 /* Resources */ = {
			isa = PBXResourcesBuildPhase;
			buildActionMask = 2147483647;
			files = (
				4EFFA7741C9A18BC00313164 /* LaunchScreen.storyboard in Resources */,
				4EFFA7711C9A18BC00313164 /* Assets.xcassets in Resources */,
				4EFFA76F1C9A18BC00313164 /* Main.storyboard in Resources */,
			);
			runOnlyForDeploymentPostprocessing = 0;
		};
/* End PBXResourcesBuildPhase section */

/* Begin PBXSourcesBuildPhase section */
		4EFFA7621C9A18BC00313164 /* Sources */ = {
			isa = PBXSourcesBuildPhase;
			buildActionMask = 2147483647;
			files = (
				4EFFA7811C9A1C9900313164 /* RoundedImageView.swift in Sources */,
				4EFFA77F1C9A19B400313164 /* Person.swift in Sources */,
				4EFFA76C1C9A18BC00313164 /* ViewController.swift in Sources */,
				4EFFA76A1C9A18BC00313164 /* AppDelegate.swift in Sources */,
			);
			runOnlyForDeploymentPostprocessing = 0;
		};
/* End PBXSourcesBuildPhase section */

/* Begin PBXVariantGroup section */
		4EFFA76D1C9A18BC00313164 /* Main.storyboard */ = {
			isa = PBXVariantGroup;
			children = (
				4EFFA76E1C9A18BC00313164 /* Base */,
			);
			name = Main.storyboard;
			sourceTree = "<group>";
		};
		4EFFA7721C9A18BC00313164 /* LaunchScreen.storyboard */ = {
			isa = PBXVariantGroup;
			children = (
				4EFFA7731C9A18BC00313164 /* Base */,
			);
			name = LaunchScreen.storyboard;
			sourceTree = "<group>";
		};
/* End PBXVariantGroup section */

/* Begin XCBuildConfiguration section */
		4EFFA7761C9A18BC00313164 /* Debug */ = {
			isa = XCBuildConfiguration;
			buildSettings = {
				ALWAYS_SEARCH_USER_PATHS = NO;
				CLANG_CXX_LANGUAGE_STANDARD = "gnu++0x";
				CLANG_CXX_LIBRARY = "libc++";
				CLANG_ENABLE_MODULES = YES;
				CLANG_ENABLE_OBJC_ARC = YES;
				CLANG_WARN_BOOL_CONVERSION = YES;
				CLANG_WARN_CONSTANT_CONVERSION = YES;
				CLANG_WARN_DIRECT_OBJC_ISA_USAGE = YES_ERROR;
				CLANG_WARN_EMPTY_BODY = YES;
				CLANG_WARN_ENUM_CONVERSION = YES;
				CLANG_WARN_INT_CONVERSION = YES;
				CLANG_WARN_OBJC_ROOT_CLASS = YES_ERROR;
				CLANG_WARN_UNREACHABLE_CODE = YES;
				CLANG_WARN__DUPLICATE_METHOD_MATCH = YES;
				"CODE_SIGN_IDENTITY[sdk=iphoneos*]" = "iPhone Developer";
				COPY_PHASE_STRIP = NO;
				DEBUG_INFORMATION_FORMAT = dwarf;
				ENABLE_STRICT_OBJC_MSGSEND = YES;
				ENABLE_TESTABILITY = YES;
				GCC_C_LANGUAGE_STANDARD = gnu99;
				GCC_DYNAMIC_NO_PIC = NO;
				GCC_NO_COMMON_BLOCKS = YES;
				GCC_OPTIMIZATION_LEVEL = 0;
				GCC_PREPROCESSOR_DEFINITIONS = (
					"DEBUG=1",
					"$(inherited)",
				);
				GCC_WARN_64_TO_32_BIT_CONVERSION = YES;
				GCC_WARN_ABOUT_RETURN_TYPE = YES_ERROR;
				GCC_WARN_UNDECLARED_SELECTOR = YES;
				GCC_WARN_UNINITIALIZED_AUTOS = YES_AGGRESSIVE;
				GCC_WARN_UNUSED_FUNCTION = YES;
				GCC_WARN_UNUSED_VARIABLE = YES;
				IPHONEOS_DEPLOYMENT_TARGET = 9.2;
				MTL_ENABLE_DEBUG_INFO = YES;
				ONLY_ACTIVE_ARCH = YES;
				SDKROOT = iphoneos;
				SWIFT_OPTIMIZATION_LEVEL = "-Onone";
				TARGETED_DEVICE_FAMILY = "1,2";
			};
			name = Debug;
		};
		4EFFA7771C9A18BC00313164 /* Release */ = {
			isa = XCBuildConfiguration;
			buildSettings = {
				ALWAYS_SEARCH_USER_PATHS = NO;
				CLANG_CXX_LANGUAGE_STANDARD = "gnu++0x";
				CLANG_CXX_LIBRARY = "libc++";
				CLANG_ENABLE_MODULES = YES;
				CLANG_ENABLE_OBJC_ARC = YES;
				CLANG_WARN_BOOL_CONVERSION = YES;
				CLANG_WARN_CONSTANT_CONVERSION = YES;
				CLANG_WARN_DIRECT_OBJC_ISA_USAGE = YES_ERROR;
				CLANG_WARN_EMPTY_BODY = YES;
				CLANG_WARN_ENUM_CONVERSION = YES;
				CLANG_WARN_INT_CONVERSION = YES;
				CLANG_WARN_OBJC_ROOT_CLASS = YES_ERROR;
				CLANG_WARN_UNREACHABLE_CODE = YES;
				CLANG_WARN__DUPLICATE_METHOD_MATCH = YES;
				"CODE_SIGN_IDENTITY[sdk=iphoneos*]" = "iPhone Developer";
				COPY_PHASE_STRIP = NO;
				DEBUG_INFORMATION_FORMAT = "dwarf-with-dsym";
				ENABLE_NS_ASSERTIONS = NO;
				ENABLE_STRICT_OBJC_MSGSEND = YES;
				GCC_C_LANGUAGE_STANDARD = gnu99;
				GCC_NO_COMMON_BLOCKS = YES;
				GCC_WARN_64_TO_32_BIT_CONVERSION = YES;
				GCC_WARN_ABOUT_RETURN_TYPE = YES_ERROR;
				GCC_WARN_UNDECLARED_SELECTOR = YES;
				GCC_WARN_UNINITIALIZED_AUTOS = YES_AGGRESSIVE;
				GCC_WARN_UNUSED_FUNCTION = YES;
				GCC_WARN_UNUSED_VARIABLE = YES;
				IPHONEOS_DEPLOYMENT_TARGET = 9.2;
				MTL_ENABLE_DEBUG_INFO = NO;
				SDKROOT = iphoneos;
				TARGETED_DEVICE_FAMILY = "1,2";
				VALIDATE_PRODUCT = YES;
			};
			name = Release;
		};
		4EFFA7791C9A18BC00313164 /* Debug */ = {
			isa = XCBuildConfiguration;
			buildSettings = {
				ASSETCATALOG_COMPILER_APPICON_NAME = AppIcon;
				INFOPLIST_FILE = "mvc-test/Info.plist";
				LD_RUNPATH_SEARCH_PATHS = "$(inherited) @executable_path/Frameworks";
				PRODUCT_BUNDLE_IDENTIFIER = "None0316.mvc-test";
				PRODUCT_NAME = "$(TARGET_NAME)";
			};
			name = Debug;
		};
		4EFFA77A1C9A18BC00313164 /* Release */ = {
			isa = XCBuildConfiguration;
			buildSettings = {
				ASSETCATALOG_COMPILER_APPICON_NAME = AppIcon;
				INFOPLIST_FILE = "mvc-test/Info.plist";
				LD_RUNPATH_SEARCH_PATHS = "$(inherited) @executable_path/Frameworks";
				PRODUCT_BUNDLE_IDENTIFIER = "None0316.mvc-test";
				PRODUCT_NAME = "$(TARGET_NAME)";
			};
			name = Release;
		};
/* End XCBuildConfiguration section */

/* Begin XCConfigurationList section */
		4EFFA7611C9A18BC00313164 /* Build configuration list for PBXProject "mvc-test" */ = {
			isa = XCConfigurationList;
			buildConfigurations = (
				4EFFA7761C9A18BC00313164 /* Debug */,
				4EFFA7771C9A18BC00313164 /* Release */,
			);
			defaultConfigurationIsVisible = 0;
			defaultConfigurationName = Release;
		};
		4EFFA7781C9A18BC00313164 /* Build configuration list for PBXNativeTarget "mvc-test" */ = {
			isa = XCConfigurationList;
			buildConfigurations = (
				4EFFA7791C9A18BC00313164 /* Debug */,
				4EFFA77A1C9A18BC00313164 /* Release */,
			);
			defaultConfigurationIsVisible = 0;
		};
/* End XCConfigurationList section */
	};
	rootObject = 4EFFA75E1C9A18BC00313164 /* Project object */;
}
